<?xml version="1.0" encoding="utf-8"?>
<Project ToolsVersion="4.0" xmlns="http://schemas.microsoft.com/developer/msbuild/2003">
  <ItemGroup>
    <Filter Include="Source Files">
      <UniqueIdentifier>{4FC737F1-C7A5-4376-A066-2A32D752A2FF}</UniqueIdentifier>
      <Extensions>qml;cpp;c;cc;cxx;def;odl;idl;hpj;bat;asm;asmx</Extensions>
    </Filter>
    <Filter Include="Header Files">
      <UniqueIdentifier>{93995380-89BD-4b04-88EB-625FBE52EBFB}</UniqueIdentifier>
      <Extensions>h;hh;hpp;hxx;hm;inl;inc;xsd</Extensions>
    </Filter>
    <Filter Include="Resource Files">
      <UniqueIdentifier>{67DA6AB6-F800-4c08-8B7A-83BB121AAD01}</UniqueIdentifier>
      <Extensions>qrc;rc;ico;cur;bmp;dlg;rc2;rct;bin;rgs;gif;jpg;jpeg;jpe;resx;tiff;tif;png;wav;mfcribbon-ms</Extensions>
    </Filter>
    <Filter Include="Form Files">
      <UniqueIdentifier>{99349809-55BA-4b9d-BF79-8FDBB0286EB3}</UniqueIdentifier>
      <Extensions>ui</Extensions>
    </Filter>
    <Filter Include="Translation Files">
      <UniqueIdentifier>{639EADAA-A684-42e4-A9AD-28FC9BCB8F7C}</UniqueIdentifier>
      <Extensions>ts</Extensions>
    </Filter>
  </ItemGroup>
  <ItemGroup>
    <ClCompile Include="main.cpp">
      <Filter>Source Files</Filter>
    </ClCompile>
    <ClCompile Include="QHotKey\qhotkey.cpp">
      <Filter>Source Files</Filter>
    </ClCompile>
    <ClCompile Include="QHotKey\qhotkey_win.cpp">
      <Filter>Source Files</Filter>
    </ClCompile>
    <ClCompile Include="App\App.cpp">
      <Filter>Source Files</Filter>
    </ClCompile>
    <ClCompile Include="App\Tray.cpp">
      <Filter>Source Files</Filter>
    </ClCompile>
    <ClCompile Include="Win\WinFull.cpp">
      <Filter>Source Files</Filter>
    </ClCompile>
    <ClCompile Include="Win\WinPin.cpp">
      <Filter>Source Files</Filter>
    </ClCompile>
    <ClCompile Include="Tool\ToolSub.cpp">
      <Filter>Source Files</Filter>
    </ClCompile>
    <ClCompile Include="Tool\ToolMain.cpp">
      <Filter>Source Files</Filter>
    </ClCompile>
    <ClCompile Include="Tool\ToolBtn.cpp">
      <Filter>Source Files</Filter>
    </ClCompile>
    <ClCompile Include="Tool\StrokeCtrl.cpp">
      <Filter>Source Files</Filter>
    </ClCompile>
    <ClCompile Include="Tool\ColorCtrl.cpp">
      <Filter>Source Files</Filter>
    </ClCompile>
    <ClCompile Include="Win\WinBase.cpp">
      <Filter>Source Files</Filter>
    </ClCompile>
    <ClCompile Include="Shape\ShapeBase.cpp">
      <Filter>Source Files</Filter>
    </ClCompile>
    <ClCompile Include="Shape\ShapeEllipse.cpp">
      <Filter>Source Files</Filter>
    </ClCompile>
    <ClCompile Include="Shape\ShapeRect.cpp">
      <Filter>Source Files</Filter>
    </ClCompile>
    <ClCompile Include="Shape\ShapeArrow.cpp">
      <Filter>Source Files</Filter>
    </ClCompile>
    <ClCompile Include="Shape\ShapeNumber.cpp">
      <Filter>Source Files</Filter>
    </ClCompile>
    <ClCompile Include="Shape\ShapeLine.cpp">
      <Filter>Source Files</Filter>
    </ClCompile>
    <ClCompile Include="Shape\ShapeText.cpp">
      <Filter>Source Files</Filter>
    </ClCompile>
    <ClCompile Include="App\Util.cpp">
      <Filter>Source Files</Filter>
    </ClCompile>
    <ClCompile Include="Shape\ShapeTextInput.cpp">
      <Filter>Source Files</Filter>
    </ClCompile>
    <ClCompile Include="Win\WinCanvas.cpp">
      <Filter>Source Files</Filter>
    </ClCompile>
    <ClCompile Include="Win\WinMask.cpp">
      <Filter>Source Files</Filter>
    </ClCompile>
    <ClCompile Include="Win\WinBoard.cpp">
      <Filter>Source Files</Filter>
    </ClCompile>
    <ClCompile Include="Shape\ShapeRectBase.cpp">
      <Filter>Source Files</Filter>
    </ClCompile>
    <ClCompile Include="Shape\ShapeLineBase.cpp">
      <Filter>Source Files</Filter>
    </ClCompile>
    <ClCompile Include="Shape\ShapeEraserLine.cpp">
      <Filter>Source Files</Filter>
    </ClCompile>
    <ClCompile Include="Shape\ShapeEraserRect.cpp">
      <Filter>Source Files</Filter>
    </ClCompile>
    <ClCompile Include="Shape\ShapeMosaicRect.cpp">
      <Filter>Source Files</Filter>
    </ClCompile>
    <ClCompile Include="Shape\ShapeMosaicLine.cpp">
      <Filter>Source Files</Filter>
    </ClCompile>
    <ClCompile Include="Tool\PixelInfo.cpp">
      <Filter>Source Files</Filter>
    </ClCompile>
    <ClCompile Include="Win\WinBox.cpp">
      <Filter>Source Files</Filter>
    </ClCompile>
    <ClCompile Include="Tool\ToolBase.cpp">
      <Filter>Source Files</Filter>
    </ClCompile>
    <ClCompile Include="Shape\ShapeTextContainer.cpp">
      <Filter>Source Files</Filter>
    </ClCompile>
    <ClCompile Include="App\NativeRect.cpp">
      <Filter>Source Files</Filter>
    </ClCompile>
  </ItemGroup>
  <ItemGroup>
    <ClInclude Include="App\App.h">
      <Filter>Header Files</Filter>
    </ClInclude>
    <ClInclude Include="App\State.h">
      <Filter>Header Files</Filter>
    </ClInclude>
    <ClInclude Include="Tool\ToolBtn.h">
      <Filter>Header Files</Filter>
    </ClInclude>
    <ClInclude Include="Shape\ShapeEllipse.h">
      <Filter>Header Files</Filter>
    </ClInclude>
    <ClInclude Include="Shape\ShapeState.h">
      <Filter>Header Files</Filter>
    </ClInclude>
    <ClInclude Include="App\Util.h">
      <Filter>Header Files</Filter>
    </ClInclude>
    <ClInclude Include="App\NativeRect.h">
      <Filter>Header Files</Filter>
    </ClInclude>
    <ClInclude Include="App\Res.h">
      <Filter>Header Files</Filter>
    </ClInclude>
  </ItemGroup>
  <ItemGroup>
    <QtMoc Include="QHotKey\qhotkey.h">
      <Filter>Header Files</Filter>
    </QtMoc>
    <QtMoc Include="QHotKey\qhotkey_p.h">
      <Filter>Header Files</Filter>
    </QtMoc>
    <QtMoc Include="Win\WinPin.h">
      <Filter>Header Files</Filter>
    </QtMoc>
    <QtMoc Include="Win\WinFull.h">
      <Filter>Header Files</Filter>
    </QtMoc>
    <QtMoc Include="App\Tray.h">
      <Filter>Header Files</Filter>
    </QtMoc>
    <QtMoc Include="Tool\ToolSub.h">
      <Filter>Header Files</Filter>
    </QtMoc>
    <QtMoc Include="Tool\ToolMain.h">
      <Filter>Header Files</Filter>
    </QtMoc>
    <QtMoc Include="Tool\StrokeCtrl.h">
      <Filter>Header Files</Filter>
    </QtMoc>
    <QtMoc Include="Tool\ColorCtrl.h">
      <Filter>Header Files</Filter>
    </QtMoc>
    <QtMoc Include="Win\WinBase.h">
      <Filter>Header Files</Filter>
    </QtMoc>
    <QtMoc Include="Shape\ShapeBase.h">
      <Filter>Header Files</Filter>
    </QtMoc>
    <QtMoc Include="Shape\ShapeRect.h">
      <Filter>Header Files</Filter>
    </QtMoc>
    <QtMoc Include="Shape\ShapeArrow.h">
      <Filter>Header Files</Filter>
    </QtMoc>
    <QtMoc Include="Shape\ShapeNumber.h">
      <Filter>Header Files</Filter>
    </QtMoc>
    <QtMoc Include="Shape\ShapeLine.h">
      <Filter>Header Files</Filter>
    </QtMoc>
    <QtMoc Include="Shape\ShapeText.h">
      <Filter>Header Files</Filter>
    </QtMoc>
    <QtMoc Include="Shape\ShapeTextInput.h">
      <Filter>Header Files</Filter>
    </QtMoc>
    <QtMoc Include="Win\WinCanvas.h">
      <Filter>Header Files</Filter>
    </QtMoc>
    <QtMoc Include="Win\WinMask.h">
      <Filter>Header Files</Filter>
    </QtMoc>
    <QtMoc Include="Win\WinBoard.h">
      <Filter>Header Files</Filter>
    </QtMoc>
    <QtMoc Include="Shape\ShapeRectBase.h">
      <Filter>Header Files</Filter>
    </QtMoc>
    <QtMoc Include="Shape\ShapeLineBase.h">
      <Filter>Header Files</Filter>
    </QtMoc>
    <QtMoc Include="Shape\ShapeEraserRect.h">
      <Filter>Header Files</Filter>
    </QtMoc>
    <QtMoc Include="Shape\ShapeEraserLine.h">
      <Filter>Header Files</Filter>
    </QtMoc>
    <QtMoc Include="Shape\ShapeMosaicRect.h">
      <Filter>Header Files</Filter>
    </QtMoc>
    <QtMoc Include="Shape\ShapeMosaicLine.h">
      <Filter>Header Files</Filter>
    </QtMoc>
    <QtMoc Include="Tool\PixelInfo.h">
      <Filter>Header Files</Filter>
    </QtMoc>
    <QtMoc Include="Win\WinBox.h">
      <Filter>Header Files</Filter>
    </QtMoc>
    <QtMoc Include="Tool\ToolBase.h">
      <Filter>Header Files</Filter>
    </QtMoc>
    <QtMoc Include="Shape\ShapeTextContainer.h">
      <Filter>Header Files</Filter>
    </QtMoc>
  </ItemGroup>
  <ItemGroup>
    <None Include="licence" />
    <None Include="ReadMe.md" />
    <None Include="todo.md" />
    <None Include="config\config.json" />
    <None Include="doc\高亮窗口.md" />
  </ItemGroup>
  <ItemGroup>
    <Font Include="config\iconfont.ttf" />
  </ItemGroup>
  <ItemGroup>
    <Image Include="config\logo.ico">
      <Filter>Resource Files</Filter>
    </Image>
  </ItemGroup>
  <ItemGroup>
    <ResourceCompile Include="App\Res.rc">
      <Filter>Resource Files</Filter>
    </ResourceCompile>
  </ItemGroup>
</Project>