<?xml version="1.0" encoding="utf-8"?>
<Project ToolsVersion="4.0" xmlns="http://schemas.microsoft.com/developer/msbuild/2003">
  <ItemGroup>
    <Filter Include="Source Files">
      <UniqueIdentifier>{4FC737F1-C7A5-4376-A066-2A32D752A2FF}</UniqueIdentifier>
      <Extensions>qml;cpp;c;cc;cxx;def;odl;idl;hpj;bat;asm;asmx</Extensions>
    </Filter>
    <Filter Include="Header Files">
      <UniqueIdentifier>{93995380-89BD-4b04-88EB-625FBE52EBFB}</UniqueIdentifier>
      <Extensions>h;hh;hpp;hxx;hm;inl;inc;xsd</Extensions>
    </Filter>
    <Filter Include="Resource Files">
      <UniqueIdentifier>{67DA6AB6-F800-4c08-8B7A-83BB121AAD01}</UniqueIdentifier>
      <Extensions>qrc;rc;ico;cur;bmp;dlg;rc2;rct;bin;rgs;gif;jpg;jpeg;jpe;resx;tiff;tif;png;wav;mfcribbon-ms</Extensions>
    </Filter>
    <Filter Include="Form Files">
      <UniqueIdentifier>{99349809-55BA-4b9d-BF79-8FDBB0286EB3}</UniqueIdentifier>
      <Extensions>ui</Extensions>
    </Filter>
    <Filter Include="Translation Files">
      <UniqueIdentifier>{639EADAA-A684-42e4-A9AD-28FC9BCB8F7C}</UniqueIdentifier>
      <Extensions>ts</Extensions>
    </Filter>
  </ItemGroup>
  <ItemGroup>
    <ClCompile Include="main.cpp">
      <Filter>Source Files</Filter>
    </ClCompile>
    <ClCompile Include="Lib\QHotKey\qhotkey.cpp">
      <Filter>Source Files</Filter>
    </ClCompile>
    <ClCompile Include="Lib\QHotKey\qhotkey_win.cpp">
      <Filter>Source Files</Filter>
    </ClCompile>
    <ClCompile Include="App\App.cpp">
      <Filter>Source Files</Filter>
    </ClCompile>
    <ClCompile Include="App\Tray.cpp">
      <Filter>Source Files</Filter>
    </ClCompile>
    <ClCompile Include="App\Util.cpp">
      <Filter>Source Files</Filter>
    </ClCompile>
    <ClCompile Include="App\NativeRect.cpp">
      <Filter>Source Files</Filter>
    </ClCompile>
    <ClCompile Include="App\About.cpp">
      <Filter>Source Files</Filter>
    </ClCompile>
    <ClCompile Include="App\Logger.cpp">
      <Filter>Source Files</Filter>
    </ClCompile>
    <ClCompile Include="App\Font.cpp">
      <Filter>Source Files</Filter>
    </ClCompile>
    <ClCompile Include="WinNew\Bg.cpp">
      <Filter>Source Files</Filter>
    </ClCompile>
    <ClCompile Include="WinNew\Box.cpp">
      <Filter>Source Files</Filter>
    </ClCompile>
    <ClCompile Include="WinNew\Canvas.cpp">
      <Filter>Source Files</Filter>
    </ClCompile>
    <ClCompile Include="WinNew\Magnifier.cpp">
      <Filter>Source Files</Filter>
    </ClCompile>
    <ClCompile Include="WinNew\Mask.cpp">
      <Filter>Source Files</Filter>
    </ClCompile>
  </ItemGroup>
  <ItemGroup>
    <ClInclude Include="App\App.h">
      <Filter>Header Files</Filter>
    </ClInclude>
    <ClInclude Include="App\State.h">
      <Filter>Header Files</Filter>
    </ClInclude>
    <ClInclude Include="App\Util.h">
      <Filter>Header Files</Filter>
    </ClInclude>
    <ClInclude Include="App\NativeRect.h">
      <Filter>Header Files</Filter>
    </ClInclude>
    <ClInclude Include="App\Res.h">
      <Filter>Header Files</Filter>
    </ClInclude>
    <ClInclude Include="Lib\spdlog\logger.h">
      <Filter>Header Files</Filter>
    </ClInclude>
    <ClInclude Include="Lib\spdlog\spdlog.h">
      <Filter>Header Files</Filter>
    </ClInclude>
    <ClInclude Include="Lib\spdlog\spdlog-inl.h">
      <Filter>Header Files</Filter>
    </ClInclude>
    <ClInclude Include="Lib\spdlog\logger-inl.h">
      <Filter>Header Files</Filter>
    </ClInclude>
    <ClInclude Include="Lib\spdlog\common.h">
      <Filter>Header Files</Filter>
    </ClInclude>
    <ClInclude Include="Lib\spdlog\common-inl.h">
      <Filter>Header Files</Filter>
    </ClInclude>
    <ClInclude Include="Lib\spdlog\async.h">
      <Filter>Header Files</Filter>
    </ClInclude>
    <ClInclude Include="Lib\spdlog\async_logger.h">
      <Filter>Header Files</Filter>
    </ClInclude>
    <ClInclude Include="Lib\spdlog\async_logger-inl.h">
      <Filter>Header Files</Filter>
    </ClInclude>
    <ClInclude Include="Lib\spdlog\version.h">
      <Filter>Header Files</Filter>
    </ClInclude>
    <ClInclude Include="Lib\spdlog\stopwatch.h">
      <Filter>Header Files</Filter>
    </ClInclude>
    <ClInclude Include="Lib\spdlog\tweakme.h">
      <Filter>Header Files</Filter>
    </ClInclude>
    <ClInclude Include="Lib\spdlog\pattern_formatter-inl.h">
      <Filter>Header Files</Filter>
    </ClInclude>
    <ClInclude Include="Lib\spdlog\mdc.h">
      <Filter>Header Files</Filter>
    </ClInclude>
    <ClInclude Include="Lib\spdlog\pattern_formatter.h">
      <Filter>Header Files</Filter>
    </ClInclude>
    <ClInclude Include="Lib\spdlog\fwd.h">
      <Filter>Header Files</Filter>
    </ClInclude>
    <ClInclude Include="Lib\spdlog\formatter.h">
      <Filter>Header Files</Filter>
    </ClInclude>
    <ClInclude Include="App\Font.h">
      <Filter>Header Files</Filter>
    </ClInclude>
  </ItemGroup>
  <ItemGroup>
    <QtMoc Include="Lib\QHotKey\qhotkey.h">
      <Filter>Header Files</Filter>
    </QtMoc>
    <QtMoc Include="Lib\QHotKey\qhotkey_p.h">
      <Filter>Header Files</Filter>
    </QtMoc>
    <QtMoc Include="App\Tray.h">
      <Filter>Header Files</Filter>
    </QtMoc>
    <QtMoc Include="App\About.h">
      <Filter>Header Files</Filter>
    </QtMoc>
    <QtMoc Include="App\Logger.h">
      <Filter>Header Files</Filter>
    </QtMoc>
    <QtMoc Include="WinNew\Bg.h">
      <Filter>Header Files</Filter>
    </QtMoc>
    <QtMoc Include="WinNew\Box.h">
      <Filter>Header Files</Filter>
    </QtMoc>
    <QtMoc Include="WinNew\Canvas.h">
      <Filter>Header Files</Filter>
    </QtMoc>
    <QtMoc Include="WinNew\Magnifier.h">
      <Filter>Header Files</Filter>
    </QtMoc>
    <QtMoc Include="WinNew\Mask.h">
      <Filter>Header Files</Filter>
    </QtMoc>
  </ItemGroup>
  <ItemGroup>
    <None Include="ReadMe.md" />
    <None Include="todo.md" />
    <None Include="Config\config.json" />
  </ItemGroup>
  <ItemGroup>
    <Font Include="Config\iconfont.ttf" />
  </ItemGroup>
  <ItemGroup>
    <Image Include="Config\logo.ico">
      <Filter>Resource Files</Filter>
    </Image>
  </ItemGroup>
  <ItemGroup>
    <ResourceCompile Include="App\Res.rc">
      <Filter>Resource Files</Filter>
    </ResourceCompile>
  </ItemGroup>
</Project>