<?xml version="1.0" encoding="utf-8"?>
<Project ToolsVersion="4.0" xmlns="http://schemas.microsoft.com/developer/msbuild/2003">
  <ItemGroup>
    <Filter Include="Source Files">
      <UniqueIdentifier>{4FC737F1-C7A5-4376-A066-2A32D752A2FF}</UniqueIdentifier>
      <Extensions>qml;cpp;c;cc;cxx;def;odl;idl;hpj;bat;asm;asmx</Extensions>
    </Filter>
    <Filter Include="Header Files">
      <UniqueIdentifier>{93995380-89BD-4b04-88EB-625FBE52EBFB}</UniqueIdentifier>
      <Extensions>h;hh;hpp;hxx;hm;inl;inc;xsd</Extensions>
    </Filter>
    <Filter Include="Resource Files">
      <UniqueIdentifier>{67DA6AB6-F800-4c08-8B7A-83BB121AAD01}</UniqueIdentifier>
      <Extensions>qrc;rc;ico;cur;bmp;dlg;rc2;rct;bin;rgs;gif;jpg;jpeg;jpe;resx;tiff;tif;png;wav;mfcribbon-ms</Extensions>
    </Filter>
    <Filter Include="Form Files">
      <UniqueIdentifier>{99349809-55BA-4b9d-BF79-8FDBB0286EB3}</UniqueIdentifier>
      <Extensions>ui</Extensions>
    </Filter>
    <Filter Include="Translation Files">
      <UniqueIdentifier>{639EADAA-A684-42e4-A9AD-28FC9BCB8F7C}</UniqueIdentifier>
      <Extensions>ts</Extensions>
    </Filter>
  </ItemGroup>
  <ItemGroup>
    <ClCompile Include="main.cpp">
      <Filter>Source Files</Filter>
    </ClCompile>
    <ClCompile Include="WindowNative.cpp">
      <Filter>Source Files</Filter>
    </ClCompile>
    <ClCompile Include="CanvasWidget.cpp">
      <Filter>Source Files</Filter>
    </ClCompile>
    <ClCompile Include="Tool\ToolMain.cpp">
      <Filter>Source Files</Filter>
    </ClCompile>
    <ClCompile Include="Tool\ToolSub.cpp">
      <Filter>Source Files</Filter>
    </ClCompile>
    <ClCompile Include="App.cpp">
      <Filter>Source Files</Filter>
    </ClCompile>
    <ClCompile Include="Tool\ToolBtn.cpp">
      <Filter>Source Files</Filter>
    </ClCompile>
    <ClCompile Include="CutMask.cpp">
      <Filter>Source Files</Filter>
    </ClCompile>
    <ClCompile Include="QHotKey\qhotkey.cpp">
      <Filter>Source Files</Filter>
    </ClCompile>
    <ClCompile Include="QHotKey\qhotkey_win.cpp">
      <Filter>Source Files</Filter>
    </ClCompile>
    <ClCompile Include="Tray.cpp">
      <Filter>Source Files</Filter>
    </ClCompile>
    <ClCompile Include="Shape\ShapeRect.cpp">
      <Filter>Source Files</Filter>
    </ClCompile>
    <ClCompile Include="Shape\ShapeBase.cpp">
      <Filter>Source Files</Filter>
    </ClCompile>
    <ClCompile Include="Tool\StrokeCtrl.cpp">
      <Filter>Source Files</Filter>
    </ClCompile>
    <ClCompile Include="Tool\ColorCtrl.cpp">
      <Filter>Source Files</Filter>
    </ClCompile>
  </ItemGroup>
  <ItemGroup>
    <ClInclude Include="WindowNative.h">
      <Filter>Header Files</Filter>
    </ClInclude>
    <ClInclude Include="State.h">
      <Filter>Header Files</Filter>
    </ClInclude>
    <ClInclude Include="App.h">
      <Filter>Header Files</Filter>
    </ClInclude>
    <ClInclude Include="Tool\ToolBtn.h">
      <Filter>Header Files</Filter>
    </ClInclude>
    <ClInclude Include="BtnType.h">
      <Filter>Header Files</Filter>
    </ClInclude>
  </ItemGroup>
  <ItemGroup>
    <QtMoc Include="CanvasWidget.h">
      <Filter>Header Files</Filter>
    </QtMoc>
    <QtMoc Include="Tool\ToolMain.h">
      <Filter>Header Files</Filter>
    </QtMoc>
    <QtMoc Include="Tool\ToolSub.h">
      <Filter>Header Files</Filter>
    </QtMoc>
    <QtMoc Include="CutMask.h">
      <Filter>Header Files</Filter>
    </QtMoc>
    <QtMoc Include="QHotKey\qhotkey.h">
      <Filter>Header Files</Filter>
    </QtMoc>
    <QtMoc Include="QHotKey\qhotkey_p.h">
      <Filter>Header Files</Filter>
    </QtMoc>
    <QtMoc Include="Tray.h">
      <Filter>Header Files</Filter>
    </QtMoc>
    <QtMoc Include="Shape\ShapeRect.h">
      <Filter>Header Files</Filter>
    </QtMoc>
    <QtMoc Include="Shape\ShapeBase.h">
      <Filter>Header Files</Filter>
    </QtMoc>
    <QtMoc Include="Tool\StrokeCtrl.h">
      <Filter>Header Files</Filter>
    </QtMoc>
    <QtMoc Include="Tool\ColorCtrl.h">
      <Filter>Header Files</Filter>
    </QtMoc>
  </ItemGroup>
  <ItemGroup>
    <Font Include="config\iconfont.ttf" />
  </ItemGroup>
  <ItemGroup>
    <Image Include="config\logo.ico">
      <Filter>Resource Files</Filter>
    </Image>
  </ItemGroup>
  <ItemGroup>
    <CopyFileToFolders Include="config\config.json" />
  </ItemGroup>
  <ItemGroup>
    <None Include="todo.md" />
  </ItemGroup>
</Project>