<?xml version="1.0" encoding="utf-8"?>
<Project ToolsVersion="4.0" xmlns="http://schemas.microsoft.com/developer/msbuild/2003">
  <ItemGroup>
    <Filter Include="源文件">
      <UniqueIdentifier>{4FC737F1-C7A5-4376-A066-2A32D752A2FF}</UniqueIdentifier>
      <Extensions>cpp;c;cc;cxx;c++;cppm;ixx;def;odl;idl;hpj;bat;asm;asmx</Extensions>
    </Filter>
    <Filter Include="头文件">
      <UniqueIdentifier>{93995380-89BD-4b04-88EB-625FBE52EBFB}</UniqueIdentifier>
      <Extensions>h;hh;hpp;hxx;h++;hm;inl;inc;ipp;xsd</Extensions>
    </Filter>
    <Filter Include="资源文件">
      <UniqueIdentifier>{67DA6AB6-F800-4c08-8B7A-83BB121AAD01}</UniqueIdentifier>
      <Extensions>rc;ico;cur;bmp;dlg;rc2;rct;bin;rgs;gif;jpg;jpeg;jpe;resx;tiff;tif;png;wav;mfcribbon-ms</Extensions>
    </Filter>
  </ItemGroup>
  <ItemGroup>
    <ClCompile Include="pch.cpp">
      <Filter>源文件</Filter>
    </ClCompile>
    <ClCompile Include="WindowMain.cpp">
      <Filter>源文件</Filter>
    </ClCompile>
    <ClCompile Include="TitleBar.cpp">
      <Filter>源文件</Filter>
    </ClCompile>
    <ClCompile Include="StatusBar.cpp">
      <Filter>源文件</Filter>
    </ClCompile>
    <ClCompile Include="ImgViewer.cpp">
      <Filter>源文件</Filter>
    </ClCompile>
    <ClCompile Include="TextBox.cpp">
      <Filter>源文件</Filter>
    </ClCompile>
    <ClCompile Include="OcrDoc.cpp">
      <Filter>源文件</Filter>
    </ClCompile>
  </ItemGroup>
  <ItemGroup>
    <ClInclude Include="pch.h">
      <Filter>头文件</Filter>
    </ClInclude>
    <ClInclude Include="WindowMain.h">
      <Filter>头文件</Filter>
    </ClInclude>
    <ClInclude Include="TitleBar.h">
      <Filter>头文件</Filter>
    </ClInclude>
    <ClInclude Include="StatusBar.h">
      <Filter>头文件</Filter>
    </ClInclude>
    <ClInclude Include="ImgViewer.h">
      <Filter>头文件</Filter>
    </ClInclude>
    <ClInclude Include="TextBox.h">
      <Filter>头文件</Filter>
    </ClInclude>
    <ClInclude Include="OcrDoc.h">
      <Filter>头文件</Filter>
    </ClInclude>
  </ItemGroup>
  <ItemGroup>
    <Font Include="Res\icon.ttf" />
  </ItemGroup>
  <ItemGroup>
    <ResourceCompile Include="Res\Resource.rc">
      <Filter>资源文件</Filter>
    </ResourceCompile>
  </ItemGroup>
  <ItemGroup>
    <None Include="Res\PP-OCRv6_rec_tiny.onnx" />
    <None Include="Res\PP-OCRv6_det_tiny.onnx" />
  </ItemGroup>
</Project>